{
  "schema_version": 1,
  "files": [
    {
      "path": "COC.md",
      "sha256": "c6a5a7ce642975f3207ee51833ccd3e65e1ab3ed2c555a4666bccffb60303dab"
    },
    {
      "path": "agents/ALIGN-SPECIALIST.md",
      "sha256": "51a89a9c7438b1e58e9748bb188ce04a73421ab8aeab4a88583c48213570a82a"
    },
    {
      "path": "agents/ANALYST.md",
      "sha256": "f3d735b3b39fd21e9ee3f161c72ae33eccaca249f001e6f4395e0be8a2f3f504"
    },
    {
      "path": "agents/BUILD-FIX.md",
      "sha256": "13b6bbf6d676a254995e7a619c62435f16273d3d18a9df3fb24b46c7064bd7fc"
    },
    {
      "path": "agents/CC-ARCHITECT.md",
      "sha256": "2b7421317db3aeac847c71733d449d1afafd986f674c51eb4edab2d5d427677f"
    },
    {
      "path": "agents/COC-ONBOARDING-SPECIALIST.md",
      "sha256": "e656ed86d116da698cb418f7b50743f9caf92eefcb576a509910af8975282733"
    },
    {
      "path": "agents/CODEX-ARCHITECT.md",
      "sha256": "7164de7f5952032eb041759a647c52ac20a2c6b2b2e1efe39512f410ba45e867"
    },
    {
      "path": "agents/DATAFLOW-SPECIALIST.md",
      "sha256": "304e2dca3f16a24ca4d78c72fffa2165bf1f509bfa30e3eef09517abb949a123"
    },
    {
      "path": "agents/FLUTTER-SPECIALIST.md",
      "sha256": "fc0d27aceeb8acc6b42142e1377f7456761cf1d3e444f6486a2376b728d8561f"
    },
    {
      "path": "agents/GEMINI-ARCHITECT.md",
      "sha256": "a3212eafcade2b9302877b983f2ae39950c7b0d1145711e935b86c399ebb33f9"
    },
    {
      "path": "agents/GOLD-STANDARDS-VALIDATOR.md",
      "sha256": "b9e87cf3ac641da17208d02904728a9354d7616cf6c8d6ce70b87c7e1fb0315a"
    },
    {
      "path": "agents/KAIZEN-SPECIALIST.md",
      "sha256": "e3a3aaa8df477bbe2f6b4d7ce81331804d91d9a7ba5b38d5b23d0f988e59d447"
    },
    {
      "path": "agents/MCP-PLATFORM-SPECIALIST.md",
      "sha256": "08bbe1e291813d83e5c0e6a14b77cf4a16b97cb99e867d0131a9234e15e929de"
    },
    {
      "path": "agents/MCP-SPECIALIST.md",
      "sha256": "1eb4381679e12f356980ec4981e0208c7621c5a62b77519ab6d2a8fd0334951d"
    },
    {
      "path": "agents/ML-SPECIALIST.md",
      "sha256": "29de611af116b641f1fa0fa419cbfc9e788e0f6e0203f8857ab8f2a0627387ff"
    },
    {
      "path": "agents/NEXUS-SPECIALIST.md",
      "sha256": "ff39f082b962c8df4b097243434325e7355e03821f87fd1dfd84207c9c6fe678"
    },
    {
      "path": "agents/PACT-SPECIALIST.md",
      "sha256": "dd2cd27e79824aeb78f76e76f8acd0587c54c18401fecc69cdf89a690bde4043"
    },
    {
      "path": "agents/PATTERN-EXPERT.md",
      "sha256": "100d0d4adecb5c944552d01ae96289b006c283ab323c30c907d58bd55b388e82"
    },
    {
      "path": "agents/REACT-SPECIALIST.md",
      "sha256": "b7a3c54b2d192d8adb9f74785544ac828a1ca690abf0f95e324bf89e02a6b939"
    },
    {
      "path": "agents/RELEASE-SPECIALIST.md",
      "sha256": "66351da7db2ef632be67556094f8fb4cc4b37aa7f7e2b4fee33516ae73867d82"
    },
    {
      "path": "agents/REVIEWER.md",
      "sha256": "bf0b8528154b064a8c4e9d76b3a76da29a703890ded6ca0acb40531c83ae6659"
    },
    {
      "path": "agents/SECURITY-REVIEWER.md",
      "sha256": "9ce4ff6eb3f29b2b0788cc9b7795f2c451891e693a47eece50f0a54a96d5f3f6"
    },
    {
      "path": "agents/TDD-IMPLEMENTER.md",
      "sha256": "80f5a5c7c6ed487c50d748eb588a9d6a5e2b687d79ee6e316501383faf21a6d4"
    },
    {
      "path": "agents/TESTING-SPECIALIST.md",
      "sha256": "0097faffce11d1ba1a4b2543605f7c10fc1e792f98e37efc07d112aecc4ac44f"
    },
    {
      "path": "agents/UIUX-DESIGNER.md",
      "sha256": "799fe4b665373feab80a31376ca8a88965949ae883a27053ead3ebb7c5d55358"
    },
    {
      "path": "agents/VALUE-AUDITOR.md",
      "sha256": "c311e7494a8b5d7539d729ea7d182badae7b6bd318cd2df87118b9329c1bea9f"
    },
    {
      "path": "commands/AI.md",
      "sha256": "99ef15829ef0cdaa22ddf05ff0cdde5ff008c91305d6363daaa710ea5a151244"
    },
    {
      "path": "commands/ANALYZE.md",
      "sha256": "f94a4dc9091f1715749612e176e713e3754449003d28331871e7559f1db1953f"
    },
    {
      "path": "commands/API.md",
      "sha256": "0b8bc5aec5e55651e9180f6bcd9fac35784aac130e2fc065c02eb99476526b33"
    },
    {
      "path": "commands/AUTONOMIZE.md",
      "sha256": "0c97d06d0586b33bf5874f9828cd5beb39a4099146e23d3aee770a55ba9e89df"
    },
    {
      "path": "commands/CC-AUDIT.md",
      "sha256": "bcdda9951b967c3092cd4810298f96a38f700a959a46c9ca7d4049722670f733"
    },
    {
      "path": "commands/CERTIFY.md",
      "sha256": "f7685be851d92293dffa5b6d14183cf6f37708400ce89d1b441bc3adb41a530c"
    },
    {
      "path": "commands/CLAIM.md",
      "sha256": "7cf4a5746f1ab2e0d1d6e89a7deb5e6526812747f993e408db901b2fa5a2634e"
    },
    {
      "path": "commands/CLAIMS.md",
      "sha256": "9346b4a4e5312fd5e9b1e1f1aa7d2d3b60cc71ba6afcf987abfeb1720cd635bc"
    },
    {
      "path": "commands/CLEAN-INSTANTIATE.md",
      "sha256": "aaff58e4c9f2619e8a261434e7234dc79fdcd7f50707a046f782bc56ea691f21"
    },
    {
      "path": "commands/CODIFY.md",
      "sha256": "5c4573b57d84e9d1191f6ce9116b9fbf922f09491d9604da528c61d4715c9f75"
    },
    {
      "path": "commands/CONFORMANCE-WALK.md",
      "sha256": "af7baa98d4655c64fa76985cffe59cbbebfbab3836fb9b75310ffd31c5a29a4f"
    },
    {
      "path": "commands/COST-AUDIT.md",
      "sha256": "5500550e50d8e2f87bfc38fee2fc2476c360dfeee1940aa19644140a8423562b"
    },
    {
      "path": "commands/CROSS-REPO-AUTHORIZE.md",
      "sha256": "6703288b4fe92504790de24493ecea54a54974737279747ea06ea01d2c603a63"
    },
    {
      "path": "commands/DB.md",
      "sha256": "560813fa1defa844493b8b33f17cb77d046cd281727305cdb3a262f5a3e4d992"
    },
    {
      "path": "commands/DESIGN.md",
      "sha256": "c00a28eade81d9aefd6792f6c0f92773eafc3e94a0818d14e7a5b194ca8774c3"
    },
    {
      "path": "commands/DOCTOR.md",
      "sha256": "ef9416c3d7772399bc24342d2dde9fc66292aea5aec826ae86468c520bc6c48d"
    },
    {
      "path": "commands/ECOSYSTEM-INIT.md",
      "sha256": "9878e5b45d991da69111f1c633442fdd33b38cbca13b6fb6972939bdeef85064"
    },
    {
      "path": "commands/ENROLL.md",
      "sha256": "051cb668276d7de518e51028936c8f127ea5b42ea980826d5f5179de4590c7e8"
    },
    {
      "path": "commands/I-AUDIT.md",
      "sha256": "aa7ea265de3b94218d8597fe6499add95967f86dd33d12bbbeaaa71f10836c67"
    },
    {
      "path": "commands/I-HARDEN.md",
      "sha256": "a1bd097b302714b7832cfc10c741dc774768de16ba1f41209f7943eb226251ab"
    },
    {
      "path": "commands/I-POLISH.md",
      "sha256": "09309a7cd75093b81758c1cf4a059fc92ba715e315559009b3662c3fa390f106"
    },
    {
      "path": "commands/IMPLEMENT.md",
      "sha256": "981b3ce72c1086e5238bb1ce6a7f4884a4b4097e604a2f01b26b960257ce9566"
    },
    {
      "path": "commands/JOURNAL.md",
      "sha256": "869fa97d9ceb1859d9cf7cf5ea249edfe03d8dac6a6d4d42d42eb362d22c75b3"
    },
    {
      "path": "commands/LEARN.md",
      "sha256": "d3e45f235af82d85e1d7ee0afc81792e2f4753ee4f4f64e7e739b8651c046b64"
    },
    {
      "path": "commands/MIGRATE.md",
      "sha256": "6e0e00f36e4fd30fee612313c8f7df4ee601afcd168100be483b284f7e1c3b6c"
    },
    {
      "path": "commands/ONBOARD.md",
      "sha256": "3abc2dc34a056231308deae221731a18ea095131ace11c256e3778f7ed713da8"
    },
    {
      "path": "commands/POSTURE.md",
      "sha256": "e1ce06d02e85ce914f04301c04261c4808bcdb8ac7d7310ed2c0b331622482f2"
    },
    {
      "path": "commands/RECONCILE-NOTES.md",
      "sha256": "31f6fa3ddd1972d4d9a1233e9f44e311871eaa34fd86b62f3c7509b06ba29857"
    },
    {
      "path": "commands/REDTEAM.md",
      "sha256": "c3ee5ed57b996e88f774c74c0a58fbc1594bc5953a655d88a8766cd66d722914"
    },
    {
      "path": "commands/RELEASE-CLAIM.md",
      "sha256": "1233ef4ea7e2d26f27a8fdd5aa6f0f66fc22c39d8f5f2348759c7e9c99c034b3"
    },
    {
      "path": "commands/RELEASE.md",
      "sha256": "1a10af92fc27304eb9bff3b9d42962d32bad016872a645ce95f800b390fc4b5a"
    },
    {
      "path": "commands/SDK.md",
      "sha256": "08d75d036bd817926740c7e56f44c2bce583902af3082693a7f873d9b3664047"
    },
    {
      "path": "commands/START.md",
      "sha256": "c8dbf33cc8034c2ee1b55a8d180f591373f453a707b032d899c8e40dbcbcab08"
    },
    {
      "path": "commands/SWEEP.md",
      "sha256": "d9aaa1a3793a0739901af2e8466ef88c3ff8bfc0c2bd4d4ff17eef33d48f01f1"
    },
    {
      "path": "commands/TEST-HARNESS-PROBE.md",
      "sha256": "f7853305133680a4c435f02ebb551f1fff7810250c5e066542fd2aee92c2b3ce"
    },
    {
      "path": "commands/TEST.md",
      "sha256": "d934016fc40c3bed489acb59782165dc57828bfedb472c2c88a1b7a0e749303c"
    },
    {
      "path": "commands/TODOS.md",
      "sha256": "941499ec6c62a7cb60fa656d7d2c10363b1983acab492459b47322435f901666"
    },
    {
      "path": "commands/VALIDATE.md",
      "sha256": "314c0f98d462503b6e8bbc693b8608bbf4820c97b2ad3815c7ab7e210c1947a4"
    },
    {
      "path": "commands/WHOAMI.md",
      "sha256": "c4bdfb0409058c1a204374f3963fe8da74f822e03d1e4db52c0c7e0a2865baa4"
    },
    {
      "path": "commands/WORKTREE.md",
      "sha256": "632579e17048cece20c1dfffef58a7acfb8efc54f33d2b3058c6d286f37515db"
    },
    {
      "path": "commands/WRAPUP.md",
      "sha256": "b3e5330039b2f313cd8d8c36b03523b52e17b0e1d97d54f7cde85086543bfe2e"
    },
    {
      "path": "commands/WS.md",
      "sha256": "9966f6bf2076385342058fd30fe9135274229549420799b19a59ade2bb09b111"
    },
    {
      "path": "rules/AGENT-REASONING.md",
      "sha256": "31ce73dd2521805af51b21c2521171a1cc439f4c55994166bc5390a939117ab3"
    },
    {
      "path": "rules/AGENTS.md",
      "sha256": "d6b6d668e03ad3404d887226d825f4c45eb7fa341066a6d4c9bd6cc66875e092"
    },
    {
      "path": "rules/ANALYZE-OUTPUT-COMPLETENESS.md",
      "sha256": "dc935cb274b95c08224717f2bd13b95528c9db329ff01303bd24ec2f355ba99e"
    },
    {
      "path": "rules/ARTIFACT-FLOW.md",
      "sha256": "934cf223e110941ca0436ca9d6d6b9a924660a4e7aa8a0e5091f2ac93f42df4f"
    },
    {
      "path": "rules/AUTONOMOUS-EXECUTION.md",
      "sha256": "98ca8772fa454dd612780a6c69e049dd65559777973efe293c0190a949c332a6"
    },
    {
      "path": "rules/BUILD-REPO-RELEASE-DISCIPLINE.md",
      "sha256": "109ef8f934a47acdb2e48ef65981668f0ad046678d767498c3c63ba0754cee1b"
    },
    {
      "path": "rules/BURN-DOWN-REPORTING.md",
      "sha256": "a4ed76fccd924e6d94c2f37a60929be6d686496ac41692e6cde1fc125ec6be67"
    },
    {
      "path": "rules/BURNDOWN-INTEGRITY.md",
      "sha256": "5e5150e70ead12d9f7185715307ae88dc95dcec60137eaeea8d15ceb777b2681"
    },
    {
      "path": "rules/CC-ARTIFACTS.md",
      "sha256": "765dde9244735462bf4700613a08a97d1f0d0b72107afa7733e1da767f95f7a5"
    },
    {
      "path": "rules/CI-COST-DISCIPLINE.md",
      "sha256": "813dba98642de2d57f04e18c4dff4e11ba067bb2ac90104a2124f63617c5e6ba"
    },
    {
      "path": "rules/CI-RUNNERS.md",
      "sha256": "0604197774931aaa7c394d9bb16cccd3645ec8f6fc002a698675b589476830ac"
    },
    {
      "path": "rules/COC-ARTIFACT-EVAL-COVERAGE.md",
      "sha256": "f2746b566b2332dc334d577a17eb33793aa7ddf53d2ff3806e1fb766fc15cc8c"
    },
    {
      "path": "rules/COC-SYNC-LANDING.md",
      "sha256": "bb087836dcd72290ba01c5edc29ac7329e21a9781551c1c61d00d95d7614f61c"
    },
    {
      "path": "rules/COMMAND-SKILL-PARITY.md",
      "sha256": "ab00e269548a4bed99acf460226a561b7ec1a5572cf152be350039d55408b74c"
    },
    {
      "path": "rules/COMMUNICATION.md",
      "sha256": "50fb9ef6f2078520a49a9b11e7b079d7d6d57cb620b2b8b4e25917ea1d4c913d"
    },
    {
      "path": "rules/COMPLETION-CRITERION.md",
      "sha256": "ed72cc4e678d9aa71843c17227ec250d3102090cccfabfe274f2cbee59c38c4b"
    },
    {
      "path": "rules/CONFORMANCE-WALK.md",
      "sha256": "666120809016e1d1625086a0195c610b08fc760e731a9eeb337bfbaebc07fc93"
    },
    {
      "path": "rules/CONNECTION-POOL.md",
      "sha256": "8626d6b997d17f67019e9eaf5fec6721bc518bfe54af704d6955c33b3cbe44ec"
    },
    {
      "path": "rules/CROSS-CLI-ARTIFACT-HYGIENE.md",
      "sha256": "d219542b09bd0983275af8ce81fe3ab385b8cff57ab5281bcc2a7aa305b50237"
    },
    {
      "path": "rules/CROSS-CLI-PARITY.md",
      "sha256": "26860d933ebc1ca9a1b7660881663f748308e384791edf584cb8095ebc438e7c"
    },
    {
      "path": "rules/CROSS-SDK-INSPECTION.md",
      "sha256": "6233d13848303d77300667464458e82eda84c09cb617cf7f7fa675d8db051bd6"
    },
    {
      "path": "rules/DATAFLOW-CLASSIFICATION.md",
      "sha256": "3374dca272b5d047a7720f039e1d9ec3af970d2b8bf9c5edbb59bdaaf7a79830"
    },
    {
      "path": "rules/DATAFLOW-IDENTIFIER-SAFETY.md",
      "sha256": "a7620c724de606b6a59004dd9c70bbf96f546c711f5e8920f61bbb1c04eca021"
    },
    {
      "path": "rules/DATAFLOW-POOL.md",
      "sha256": "a94b123a932868e2daddda62ccd40ba0be1897fd84423fa77545a8b7d6fed119"
    },
    {
      "path": "rules/DEFERRAL-REGISTRY-LOCALITY.md",
      "sha256": "4a8058d6b0af13dc32aa2c0ba72ccc4dbbcb6267108dd0b015b3c6e32e9ffe52"
    },
    {
      "path": "rules/DEPENDENCIES.md",
      "sha256": "021549422432284a62b75e7172eb4cf0140d4fb5908d8741775ccc2b6459d007"
    },
    {
      "path": "rules/DEPLOYMENT.md",
      "sha256": "d578ed93c178b53e9258d666c22bd70b678e56d50f5fc6ab0f1a8a9829907fa7"
    },
    {
      "path": "rules/DOCUMENTATION.md",
      "sha256": "fea26a81bc2a462f2d27d167c6cd0d0400c85dcb453cc27c2ecaad05bcfa0c38"
    },
    {
      "path": "rules/E2E-GOD-MODE.md",
      "sha256": "87961911bd60027c93c4a4df4291ddc7b86c00ddb2206465ddcd90addbea6107"
    },
    {
      "path": "rules/EATP.md",
      "sha256": "06e65a32e860ad50c72ecfc2576c06298a20691be6c6c8b2d3241821826bb167"
    },
    {
      "path": "rules/ENROLLMENT-OPERATIONS.md",
      "sha256": "9e4f7dfe562ac4de3ff3c3ea376705813bc8dc0187c7888c6ba7b0d253b00e1e"
    },
    {
      "path": "rules/ENV-MODELS.md",
      "sha256": "e3c3b767a9742572da0a13ad5d38eb14c8448e64c564f14bb61c06e2a6d6a469"
    },
    {
      "path": "rules/EVENT-PAYLOAD-CLASSIFICATION.md",
      "sha256": "645933e0112c224e469fc6dc7e62dd4b947ee749ce490542b60a907800635f8a"
    },
    {
      "path": "rules/EVIDENCE-FIRST-CLAIMS.md",
      "sha256": "9b33041c3ebff9dcf5c44f94554233975076fb7bfeb31114ac53c48ae1daeaeb"
    },
    {
      "path": "rules/FACADE-MANAGER-DETECTION.md",
      "sha256": "02a6faeb8a189fc30c33542c031ecb6f8a3b6d2066df09c12d9ffedb6d576bf1"
    },
    {
      "path": "rules/FRAMEWORK-FIRST.md",
      "sha256": "4e5123d78bbe344d6108d53fd9a1f74f83f64b90b8ada219a9a8a351a373cb2d"
    },
    {
      "path": "rules/GIT.md",
      "sha256": "adf978441744d3c3267dd3ec6d3327daab07e8d0cc9c19d067d00ef2a4519021"
    },
    {
      "path": "rules/GOVERNED-THROUGHPUT.md",
      "sha256": "944b3046b1c9b112dd292f378d66e5ef6536079e0a0dee3cd5569751c11ae99c"
    },
    {
      "path": "rules/HANDOFF-COMPLETION.md",
      "sha256": "66ef73ca5fb1241084d5c44a58f2d8b12123248890616c934d0746730b9554ca"
    },
    {
      "path": "rules/HOOK-EVENT-SELECTION.md",
      "sha256": "7a26c2df90ce5eb2be596d04480973e2cc77df8c89fd48ccfd82c03349c5cdc1"
    },
    {
      "path": "rules/HOOK-OUTPUT-DISCIPLINE.md",
      "sha256": "09b30a2f20b7e3cf4d9577f6938c0266ce8838576a405b7b1c63ffcfcb91e57a"
    },
    {
      "path": "rules/INFRASTRUCTURE-SQL.md",
      "sha256": "a30eede3c1457d242a4e5e6c4192fa643de08047a1d4005c98c0512f624d6c6e"
    },
    {
      "path": "rules/INSTRUMENT-BIPOLARITY.md",
      "sha256": "89d779410f56ee4848a6d1b2118d9b37a8893500a7468230e2f8403282852954"
    },
    {
      "path": "rules/INSTRUMENT-DISCIPLINE.md",
      "sha256": "3c9c4b61fea502bd1f6c1c701b4841e62a53b848f1de9bd5a42c3731a1329779"
    },
    {
      "path": "rules/ISSUE-TRIAGE-ROUTING.md",
      "sha256": "357b00080180b0e95794013bf2d8d1048d6723395a15cb97943a7b42829bffcf"
    },
    {
      "path": "rules/JOURNAL-AUTHOR-DISCIPLINE.md",
      "sha256": "8cb413f825b0f48017b09de2884514ce824fb66703015ac12755fbc222c71120"
    },
    {
      "path": "rules/JOURNAL.md",
      "sha256": "0628a3d80af9c131260d0943c51f0aec37c93ab5bd4d18cf4372b4725cba2736"
    },
    {
      "path": "rules/KNOWLEDGE-CASCADE-ROUTING.md",
      "sha256": "1192d751de4060886e88306da1154e25a3c68b48a9bfeeffc897c742e84f0026"
    },
    {
      "path": "rules/KNOWLEDGE-CONVERGENCE.md",
      "sha256": "b1f97b71c16198352342dd0eb724e566e2cc63c4a326541d0f3b20d9eb07a740"
    },
    {
      "path": "rules/MULTI-OPERATOR-COORDINATION.md",
      "sha256": "56514d1b081afb46ee32e47aef031031823eb2e4223f41555f5da30e5f408616"
    },
    {
      "path": "rules/NEXUS-HTTP-STATUS-CONVENTION.md",
      "sha256": "141e9b40c11b005884e557da9594c3bab6ad27ffc3c20428869bd4f53e7df4aa"
    },
    {
      "path": "rules/NEXUS-WEBHOOK-HMAC.md",
      "sha256": "6a3e8a21eaa665ab7513b51a922f3c819363fd5f4209a6e15ab400fc70f7d3b4"
    },
    {
      "path": "rules/OBSERVABILITY.md",
      "sha256": "4e41e439849ef9a9c05d2ab88aef84fd4be6f06b37a51afad5ae5bb5457f32f3"
    },
    {
      "path": "rules/ORCHESTRATION-LAUNCH-LEDGER.md",
      "sha256": "ca83f1b867f491fc5237c3a346a32da5508713dd94ffbb798af7ed3aa802aa90"
    },
    {
      "path": "rules/ORCHESTRATOR-CONTEXT-ECONOMY.md",
      "sha256": "aea9b15e76d8383735ff576cfb606b02c39d8404521b115ebcc29788534575e1"
    },
    {
      "path": "rules/ORPHAN-DETECTION.md",
      "sha256": "bede2fbd3acbb76fba245f4b9a525606dcb4c9ccdb4195666fbfa61543f17237"
    },
    {
      "path": "rules/PACT-GOVERNANCE.md",
      "sha256": "963fa8efd386e63bd069e22b43c479dfadeba7b089879d5d27e5cee63ceb9859"
    },
    {
      "path": "rules/PATTERNS.md",
      "sha256": "098f2fd9957c183e605b74f91d37385a248de191adaef378e85151cfef90a63b"
    },
    {
      "path": "rules/PROBE-DRIVEN-VERIFICATION.md",
      "sha256": "5bc0a345e4be1157af6e8719e26fd0ccb56abc68855631481c540ba71e6b2f77"
    },
    {
      "path": "rules/PRODUCT-COMPLETION-FIRST.md",
      "sha256": "5839e4ae374a222e3d50a376de85c63bf29e17a242169604acc017d988d93c12"
    },
    {
      "path": "rules/PROPOSAL-INTAKE-TRUST.md",
      "sha256": "d78faa0cfed1dbca09280ef2f63b431e81261b5216c708cdc3b7f9781cdac07d"
    },
    {
      "path": "rules/PYTHON-ENVIRONMENT.md",
      "sha256": "b46c07c519b3de19be742899a529177e6b4c29ae1101c1b644e2868c4876749f"
    },
    {
      "path": "rules/RECOMMENDATION-QUALITY.md",
      "sha256": "814f499c3eedee9ccfb2ebc7a61f58712ec08e4c91d2704fbb500c2a9cb6b430"
    },
    {
      "path": "rules/REFACTOR-INVARIANTS.md",
      "sha256": "65875b76cd61d8486cdabfb275c284f575a586b5b7d177863e942fc792c4f10a"
    },
    {
      "path": "rules/REPO-SCOPE-DISCIPLINE.md",
      "sha256": "6125cb1173ad6dd937d4db14db8da7c04dce8cb794027db5fe755d85b87bc504"
    },
    {
      "path": "rules/RULE-AUTHORING.md",
      "sha256": "9da6b80914680a6037c1c5dae71597803f4432c3bdd5c18b62e06b6c8f20c8d2"
    },
    {
      "path": "rules/SCHEMA-MIGRATION.md",
      "sha256": "e0c0eadfd4f234cca9a9613dc30e66ce020490fe2d642464b4627d7e68c9f07e"
    },
    {
      "path": "rules/SCRIPT-TOOL-MANIFEST-SANITY.md",
      "sha256": "92163be834f3db8b7b6521931e0b81321a790fe6d78b7b76e6b3c461e01529f8"
    },
    {
      "path": "rules/SECURITY.md",
      "sha256": "ffa2aa00b3bea8d367ab0b3e2d9a82641f0f2d5d318afccf432dea38f4a18e53"
    },
    {
      "path": "rules/SELF-REFERENTIAL-CODIFY.md",
      "sha256": "34af00c7e8748f9db2ebee73338496c679dbb39f58cc43179d16114798e397f7"
    },
    {
      "path": "rules/SESSION-NOTES-CONTINUITY.md",
      "sha256": "6f0c2927ac7ce3b569718b460754766bedd41ad4be770449dbad51cb1bcd20c8"
    },
    {
      "path": "rules/SPEC-ACCURACY.md",
      "sha256": "caa3a4639750f26027654025e9037825f71ee2eef85ed407b1c6901521498558"
    },
    {
      "path": "rules/SPECS-AUTHORITY.md",
      "sha256": "23efb184d9342673a5315bb65af6f69f6b7ec7592dbb43cd5d392b3f566e29df"
    },
    {
      "path": "rules/STATE-FILE-WRITE-GUARD.md",
      "sha256": "ebc42037b2e5c707d3e9f8c8463620f4d723e90f16235d998355786dfcc033ed"
    },
    {
      "path": "rules/SWEEP-COMPLETENESS.md",
      "sha256": "a5eb49794ce0d5f9484c20467dea20d036fb5f2ff6e76a71da6ddc18623aecdd"
    },
    {
      "path": "rules/SYMBOL-ANCHORED-CITATIONS.md",
      "sha256": "6d1882f9c0c59f3e7e6ddba9d87d21bcbb3c593c3020b8536388c9bb6fa3b098"
    },
    {
      "path": "rules/SYNC-COMPLETENESS.md",
      "sha256": "2800c309d0190a219dd544e59c1391d59bdb6de0d92316c9e30a52bdc6be9b07"
    },
    {
      "path": "rules/TENANT-ISOLATION.md",
      "sha256": "1ef739e6550e40ff3b31e5092b50f255bd49d975170bc31bcd3a4dd40080da06"
    },
    {
      "path": "rules/TESTING.md",
      "sha256": "972f4873668ec3b70f9555ed46e0ae569b9f5f70357daeae9ae0b352543026e4"
    },
    {
      "path": "rules/TIME-PRESSURE-DISCIPLINE.md",
      "sha256": "c24ff4c6a4a19563b65d135339566b08f45322821d6d5460d0063e361fb317bd"
    },
    {
      "path": "rules/TRUST-PLANE-SECURITY.md",
      "sha256": "d1a48804a2c8cd46dc1fbb219d00395b7a54a34a8b1fdd955d60d3622a0c9b5b"
    },
    {
      "path": "rules/TRUST-POSTURE.md",
      "sha256": "ea191fc871eff7705b5a6d5d7b81b1be14985ef0fe67faf5e6f76607b3f1c020"
    },
    {
      "path": "rules/TYPE-RELAXATION-SWEEP.md",
      "sha256": "a2c3dd1c048db7fce228a324866d5f1aa2fcef14991b481867bddfbb90b95e14"
    },
    {
      "path": "rules/UI-BACKEND-DEFENSE.md",
      "sha256": "72cb970ea34ae769abe6d2c71499d8e2424125b28784e483fed8b20fab590220"
    },
    {
      "path": "rules/UPSTREAM-ISSUE-HYGIENE.md",
      "sha256": "ff02f3c8370b23d33252276993f63feb961ee4e2ccfd36d444de7523358caaf8"
    },
    {
      "path": "rules/USER-FLOW-VALIDATION.md",
      "sha256": "e381175813ad75a54fbb9fcb98a7a3d319cbc6683cc9028329a4b9e8104006e3"
    },
    {
      "path": "rules/VALUE-PRIORITIZATION.md",
      "sha256": "eeac6100bb54de8f012028f9c611ebd39bbcecafcf39c414fa2e1911bc67a246"
    },
    {
      "path": "rules/VARIANT-AUTHORING.md",
      "sha256": "3d44711136f412f6c5a0e128a3099382cdc64b18dcf151b38fff40a2f9486fdc"
    },
    {
      "path": "rules/VERIFICATION-GATE-INTEGRITY.md",
      "sha256": "ff913b55ad3e01e81dd47a3d862ab452c032bb529959a282de6b8550618eb84e"
    },
    {
      "path": "rules/VERIFY-CLAIMS-BEFORE-WRITE.md",
      "sha256": "9dfff0bbe7886c8efae54c875c8b1d2d4a1f675e634b1c510ec4839446301f49"
    },
    {
      "path": "rules/VERIFY-RESOURCE-EXISTENCE.md",
      "sha256": "cc389a63553f46eabeab00cef54a27f784e073a30fb9356b47ee2bc2500c952c"
    },
    {
      "path": "rules/WAVE-LOOP.md",
      "sha256": "bf88574c4e9d7b88bdf8ceb5cb04b3b6a621b7baba14c528bb38a852d7a5ce4b"
    },
    {
      "path": "rules/WORKTREE-ISOLATION.md",
      "sha256": "3307ff7dcdd777d3611a2493d0ee642cec40e0d35b7f3c4fe1d7bdc564dd3fc9"
    },
    {
      "path": "rules/ZERO-TOLERANCE.md",
      "sha256": "a9ce0404f598068a0a05af4e83ad25caba3fc9251cf01db46182ad6f9813a0e9"
    },
    {
      "path": "skills/CO-REFERENCE.md",
      "sha256": "af88ceaa28db419d744dac8e0088ea7db1e4b7a76dc5333e7b3153c33966fc21"
    },
    {
      "path": "skills/COMMAND-AUTHORING.md",
      "sha256": "81069d17da990fd321238c45c91cbb869851e5f832419feb09ab7afbe940b6fd"
    },
    {
      "path": "skills/CONFORMANCE-WALK.md",
      "sha256": "a54edec24b478359cf6a0064aa7a38e684bab0589bbebc7353ff3964c4c4208a"
    },
    {
      "path": "skills/FRAMEWORK-FIRST.md",
      "sha256": "78ed8bc73da85f020faf3049f49a7b470784ec5e161e131c923f7adf62bbd9c0"
    },
    {
      "path": "skills/HOOK-AUTHORING.md",
      "sha256": "59610f67499b177ebbe66a78cd7543d7d800df97c36757d66bad0ee618c97e9e"
    },
    {
      "path": "skills/ISSUE-TRIAGE-ROUTING.md",
      "sha256": "d4d10338200a5bcd6d9f164b9a0e94aba02cae6cb5bb6fcdf1523410509ab09f"
    },
    {
      "path": "skills/PROJECT.md",
      "sha256": "b5abbfb951bddc60409d2626831830f183277ccbdf4dfe24a5f1cfc37ab05bd0"
    },
    {
      "path": "skills/S01-CORE-SDK.md",
      "sha256": "ff4e013d06816528730550a134b7e5020fd3b8ce29cdd72892d2657d961661ce"
    },
    {
      "path": "skills/S02-DATAFLOW.md",
      "sha256": "2ee62d373345fabda8babf3cc8b7658b7fabde7672a4b32766341de67a223e95"
    },
    {
      "path": "skills/S03-NEXUS.md",
      "sha256": "8a16801c26373d5fbd3624624f5bda547e92fed7fb39c3d27b4b3a5165f7e708"
    },
    {
      "path": "skills/S04-KAIZEN.md",
      "sha256": "f707165f619d6c467ddca9f1a3371107b1d5ba25628e6a6cf59a861553c682d9"
    },
    {
      "path": "skills/S05-KAILASH-MCP.md",
      "sha256": "7937d53d20a7d033e42aa561e6a86f9654c4d66f110f79d13e1297642a627b62"
    },
    {
      "path": "skills/S06-CHEATSHEETS.md",
      "sha256": "21a3c71e82dba76b537ccaf516258f57d50625616d1d18ad7d896a112c0b97df"
    },
    {
      "path": "skills/S08-NODES-REFERENCE.md",
      "sha256": "4f8db5c518c5c58a153b0d3bc4ed24b9f83f397e19f8ea22658b7dc0803b4119"
    },
    {
      "path": "skills/S10-DEPLOYMENT-GIT.md",
      "sha256": "3a0c7479bdea952e68047fa6d5ce2f9dc4a864fac9145e955a5cb88f26c4bc22"
    },
    {
      "path": "skills/S12-TESTING-STRATEGIES.md",
      "sha256": "de0d2ac64b3b4bef2b624d942ea6a7b310156a9d8d704d63cf557522670c4aab"
    },
    {
      "path": "skills/S15-ENTERPRISE-INFRASTRUCTURE.md",
      "sha256": "0c5d05b8bf17070c9e6ed186a9a8380ef96cb82d2678c6aa7199f97cfcc50569"
    },
    {
      "path": "skills/S16-VALIDATION-PATTERNS.md",
      "sha256": "baf72929a4e1a13dc11f1b7736eab503edb9330573fc851c3efe1d8fe152d627"
    },
    {
      "path": "skills/S17-GOLD-STANDARDS.md",
      "sha256": "841b99ab5ee6d77bc65a449ec544bf9f78b2d6337ff93d4c617b452618457239"
    },
    {
      "path": "skills/S18-SECURITY-PATTERNS.md",
      "sha256": "73fff009c60917a7f4ac8bbde3f4abdf7ea55c85299ec5ad52972955d20a755f"
    },
    {
      "path": "skills/S23-UIUX-DESIGN-PRINCIPLES.md",
      "sha256": "d55a2c15fd89f8bea56f3c74cf0ed38ba4e3e913be16cfe34648e9b714a8d602"
    },
    {
      "path": "skills/S25-AI-INTERACTION-PATTERNS.md",
      "sha256": "26e68451310138f0143d7cb9e681b75db1c54ed10f89e821620fb9a0bb15e21a"
    },
    {
      "path": "skills/S26-EATP-REFERENCE.md",
      "sha256": "46874dc136048b0cb345dfdd6117eada978ed7d183ff4b0e3bae0bd746bc1fb7"
    },
    {
      "path": "skills/S29-PACT.md",
      "sha256": "3dedbffcdce5c131a0aabe3e4504c71c0d51231edcbe5a473f975a3d5bb28437"
    },
    {
      "path": "skills/S30-CLAUDE-CODE-PATTERNS.md",
      "sha256": "74f4830d2c8c5c747f6fc6e94b8d5a1323afe7cb1b5b5c483493d9bdc4327d44"
    },
    {
      "path": "skills/S31-ERROR-TROUBLESHOOTING.md",
      "sha256": "555e6efdb909bbb24334c188a312e187723382bd4049aca81d7f15253eea62f1"
    },
    {
      "path": "skills/S32-TRUST-POSTURE.md",
      "sha256": "f6215069e5bc8a82885cbba6356e4b8b4b5fc473c516bd6a18834e4ff3057595"
    },
    {
      "path": "skills/S34-KAILASH-ML.md",
      "sha256": "340c90943e9cba98c043ea72d32e3dfc50180f1bac60b461d14d369e0896c022"
    },
    {
      "path": "skills/S35-KAILASH-ALIGN.md",
      "sha256": "78d4ebd6c877cdcd5ef2a69b7397f18014b22c3f22a52f0568f0d2b49755e557"
    },
    {
      "path": "skills/S36-CLAUDE-MANAGED-AGENTS.md",
      "sha256": "9e3784fb139973587ba7ab4e6f43be8072844a16b9e3f948574456f66709863a"
    },
    {
      "path": "skills/S41-ONBOARD.md",
      "sha256": "745eb3596268c596a621c45fcfe3b2bad62c1892ed9527a35a4b1e13befa144c"
    },
    {
      "path": "skills/S42-CERTIFY.md",
      "sha256": "d84eeb913036e1bea3d507e3776c6aaa61a642ea00af5aa948e3aa1d5780cc53"
    },
    {
      "path": "skills/S43-ECOSYSTEM-INIT.md",
      "sha256": "07036f8dd23f92c2b08e00e3ef58f2cf697cfd55b610fb38d5fa0ed0d925fe3b"
    },
    {
      "path": "skills/S44-ENROLL.md",
      "sha256": "376c1df66cdd14ec16cdf1ac5e45d78a7a15efebd88ac6a9b7c8bac9a90021a2"
    },
    {
      "path": "skills/S45-GENESIS-BOOTSTRAP.md",
      "sha256": "9285de9d8b3cb9450c8e5b7d477080a4dd380f4b43311adf56259deed7a6a9f6"
    },
    {
      "path": "skills/S46-CLEAN-INSTANTIATE.md",
      "sha256": "5b8e96e4ee8581fc183f7c66c57631653dfbc92de773bcc8df6e725ac03af1d2"
    },
    {
      "path": "skills/S47-LOOM-DOCTOR.md",
      "sha256": "02e1b89e4d758ca22fba18330d49b8ee0a36f4c6fbd5c03feef9b30d876f7b63"
    },
    {
      "path": "skills/SKILL-AUTHORING.md",
      "sha256": "6cfdbaa1ab4746034094d2fa55c448b6861b026021caa21778ffe4ac1ead140b"
    },
    {
      "path": "skills/SPEC-COMPLIANCE.md",
      "sha256": "3da5b0e7e79d56b08d5d870f8ee441ceff06b1995d4872a2dde3ed7fd5213f84"
    },
    {
      "path": "skills/SWEEP.md",
      "sha256": "26bd973c01ec48399074a6e39dc7cc8777956d9f4e53493f30d61b244902a8dd"
    },
    {
      "path": "skills/TEST-HARNESS-PROBE.md",
      "sha256": "2ff55be35d47e6df9aef259f8a01cfa3e7da3af5958b46532b5dbffc2e049a56"
    },
    {
      "path": "skills/TEST-SKIP-DISCIPLINE.md",
      "sha256": "c4c368a2a8ea2a40bbe09ef04699b35318e3afc83c3d64b4760cdbd7b57871b1"
    },
    {
      "path": "skills/WRAPUP.md",
      "sha256": "fbb348b1ae12a70fa822128006c7a43fc7cd881e7b350b504f4a3fd9c21b2f2e"
    }
  ]
}
